
Microsoft Visual Studio Solution File, Format Version 12.00
Project("{FAE04EC0-301F-11D3-BF4B-00C04F79EFBC}") = "GigaChess.GameEngine.Model", "GigaChess.GameEngine.Model\GigaChess.GameEngine.Model.csproj", "{CCC4A4BC-E98C-4B88-966A-86E67C25E439}"
EndProject
Project("{FAE04EC0-301F-11D3-BF4B-00C04F79EFBC}") = "GigaChess.GameEngine.Service", "GigaChess.GameEngine.Service\GigaChess.GameEngine.Service.csproj", "{67FA44F3-B267-4DF2-805F-A29E858E30A2}"
EndProject
Global
	GlobalSection(SolutionConfigurationPlatforms) = preSolution
		Debug|Any CPU = Debug|Any CPU
		Release|Any CPU = Release|Any CPU
	EndGlobalSection
	GlobalSection(ProjectConfigurationPlatforms) = postSolution
		{CCC4A4BC-E98C-4B88-966A-86E67C25E439}.Debug|Any CPU.ActiveCfg = Debug|Any CPU
		{CCC4A4BC-E98C-4B88-966A-86E67C25E439}.Debug|Any CPU.Build.0 = Debug|Any CPU
		{CCC4A4BC-E98C-4B88-966A-86E67C25E439}.Release|Any CPU.ActiveCfg = Release|Any CPU
		{CCC4A4BC-E98C-4B88-966A-86E67C25E439}.Release|Any CPU.Build.0 = Release|Any CPU
		{67FA44F3-B267-4DF2-805F-A29E858E30A2}.Debug|Any CPU.ActiveCfg = Debug|Any CPU
		{67FA44F3-B267-4DF2-805F-A29E858E30A2}.Debug|Any CPU.Build.0 = Debug|Any CPU
		{67FA44F3-B267-4DF2-805F-A29E858E30A2}.Release|Any CPU.ActiveCfg = Release|Any CPU
		{67FA44F3-B267-4DF2-805F-A29E858E30A2}.Release|Any CPU.Build.0 = Release|Any CPU
	EndGlobalSection
EndGlobal
